
Microsoft Visual Studio Solution File, Format Version 12.00
# Visual Studio Version 17
VisualStudioVersion = 17.11.35327.3
MinimumVisualStudioVersion = 10.0.40219.1
Project("{FAE04EC0-301F-11D3-BF4B-00C04F79EFBC}") = "PortafolioWeb", "PortafolioWeb\PortafolioWeb.csproj", "{95605384-73AD-4866-8CE0-AAD7C3C392D8}"
EndProject
Global
	GlobalSection(SolutionConfigurationPlatforms) = preSolution
		Debug|Any CPU = Debug|Any CPU
		Release|Any CPU = Release|Any CPU
	EndGlobalSection
	GlobalSection(ProjectConfigurationPlatforms) = postSolution
		{95605384-73AD-4866-8CE0-AAD7C3C392D8}.Debug|Any CPU.ActiveCfg = Debug|Any CPU
		{95605384-73AD-4866-8CE0-AAD7C3C392D8}.Debug|Any CPU.Build.0 = Debug|Any CPU
		{95605384-73AD-4866-8CE0-AAD7C3C392D8}.Release|Any CPU.ActiveCfg = Release|Any CPU
		{95605384-73AD-4866-8CE0-AAD7C3C392D8}.Release|Any CPU.Build.0 = Release|Any CPU
	EndGlobalSection
	GlobalSection(SolutionProperties) = preSolution
		HideSolutionNode = FALSE
	EndGlobalSection
	GlobalSection(ExtensibilityGlobals) = postSolution
		SolutionGuid = {AF69E610-2AC6-4129-AC24-95750A37E047}
	EndGlobalSection
EndGlobal
